
Microsoft Visual Studio Solution File, Format Version 12.00
Project("{FAE04EC0-301F-11D3-BF4B-00C04F79EFBC}") = "Modern.LiteDb.Examples", "Modern.LiteDb.Examples\Modern.LiteDb.Examples.csproj", "{209DFE9E-EC40-4218-A973-38F2F55336E3}"
EndProject
Project("{2150E333-8FDC-42A3-9474-1A3956D46DE8}") = "Repositories", "Repositories", "{A4DFE31B-58A0-457B-B30B-0232570BB48E}"
EndProject
Project("{FAE04EC0-301F-11D3-BF4B-00C04F79EFBC}") = "Modern.LiteDb.Async.Examples", "Modern.LiteDb.Async.Examples\Modern.LiteDb.Async.Examples.csproj", "{789F176D-8BB3-4A47-9465-0DA1AE88272C}"
EndProject
Project("{FAE04EC0-301F-11D3-BF4B-00C04F79EFBC}") = "Modern.MongoDb.Examples", "Modern.MongoDb.Examples\Modern.MongoDb.Examples.csproj", "{AA7020D8-6394-4CAE-B416-7C2CB3DDF642}"
EndProject
Project("{FAE04EC0-301F-11D3-BF4B-00C04F79EFBC}") = "Modern.Dapper.Examples", "Modern.Dapper.Examples\Modern.Dapper.Examples.csproj", "{84D8025D-96F3-4AB3-A64D-E67012A7F864}"
EndProject
Project("{FAE04EC0-301F-11D3-BF4B-00C04F79EFBC}") = "Modern.EfCore.Examples", "Modern.EfCore.Examples\Modern.EfCore.Examples.csproj", "{70222F76-58E9-47A9-8460-9DEEE3B9B6DC}"
EndProject
Project("{2150E333-8FDC-42A3-9474-1A3956D46DE8}") = "Cache", "Cache", "{EAB0BC96-4E8F-4436-B708-9244B3B60581}"
EndProject
Project("{FAE04EC0-301F-11D3-BF4B-00C04F79EFBC}") = "Modern.Cache.InMemory.Examples", "Modern.Cache.InMemory.Examples\Modern.Cache.InMemory.Examples.csproj", "{0CE8D5D6-C131-4ECF-BEFA-DF1B5AEF0FC8}"
EndProject
Project("{FAE04EC0-301F-11D3-BF4B-00C04F79EFBC}") = "Modern.Cache.Redis.Examples", "Modern.Cache.Redis.Examples\Modern.Cache.Redis.Examples.csproj", "{BA90E081-C879-4F6D-9F35-57B2EA53D664}"
EndProject
Project("{2150E333-8FDC-42A3-9474-1A3956D46DE8}") = "Services", "Services", "{F2ACCB16-4639-42CD-A247-4320141845FC}"
EndProject
Project("{FAE04EC0-301F-11D3-BF4B-00C04F79EFBC}") = "Modern.Services.DataStore.Examples", "Modern.Services.DataStore.Examples\Modern.Services.DataStore.Examples.csproj", "{B24445C9-49A5-4A73-A1EF-9EEDF16311CE}"
EndProject
Global
	GlobalSection(SolutionConfigurationPlatforms) = preSolution
		Debug|Any CPU = Debug|Any CPU
		Release|Any CPU = Release|Any CPU
	EndGlobalSection
	GlobalSection(ProjectConfigurationPlatforms) = postSolution
		{209DFE9E-EC40-4218-A973-38F2F55336E3}.Debug|Any CPU.ActiveCfg = Debug|Any CPU
		{209DFE9E-EC40-4218-A973-38F2F55336E3}.Debug|Any CPU.Build.0 = Debug|Any CPU
		{209DFE9E-EC40-4218-A973-38F2F55336E3}.Release|Any CPU.ActiveCfg = Release|Any CPU
		{209DFE9E-EC40-4218-A973-38F2F55336E3}.Release|Any CPU.Build.0 = Release|Any CPU
		{789F176D-8BB3-4A47-9465-0DA1AE88272C}.Debug|Any CPU.ActiveCfg = Debug|Any CPU
		{789F176D-8BB3-4A47-9465-0DA1AE88272C}.Debug|Any CPU.Build.0 = Debug|Any CPU
		{789F176D-8BB3-4A47-9465-0DA1AE88272C}.Release|Any CPU.ActiveCfg = Release|Any CPU
		{789F176D-8BB3-4A47-9465-0DA1AE88272C}.Release|Any CPU.Build.0 = Release|Any CPU
		{AA7020D8-6394-4CAE-B416-7C2CB3DDF642}.Debug|Any CPU.ActiveCfg = Debug|Any CPU
		{AA7020D8-6394-4CAE-B416-7C2CB3DDF642}.Debug|Any CPU.Build.0 = Debug|Any CPU
		{AA7020D8-6394-4CAE-B416-7C2CB3DDF642}.Release|Any CPU.ActiveCfg = Release|Any CPU
		{AA7020D8-6394-4CAE-B416-7C2CB3DDF642}.Release|Any CPU.Build.0 = Release|Any CPU
		{84D8025D-96F3-4AB3-A64D-E67012A7F864}.Debug|Any CPU.ActiveCfg = Debug|Any CPU
		{84D8025D-96F3-4AB3-A64D-E67012A7F864}.Debug|Any CPU.Build.0 = Debug|Any CPU
		{84D8025D-96F3-4AB3-A64D-E67012A7F864}.Release|Any CPU.ActiveCfg = Release|Any CPU
		{84D8025D-96F3-4AB3-A64D-E67012A7F864}.Release|Any CPU.Build.0 = Release|Any CPU
		{70222F76-58E9-47A9-8460-9DEEE3B9B6DC}.Debug|Any CPU.ActiveCfg = Debug|Any CPU
		{70222F76-58E9-47A9-8460-9DEEE3B9B6DC}.Debug|Any CPU.Build.0 = Debug|Any CPU
		{70222F76-58E9-47A9-8460-9DEEE3B9B6DC}.Release|Any CPU.ActiveCfg = Release|Any CPU
		{70222F76-58E9-47A9-8460-9DEEE3B9B6DC}.Release|Any CPU.Build.0 = Release|Any CPU
		{0CE8D5D6-C131-4ECF-BEFA-DF1B5AEF0FC8}.Debug|Any CPU.ActiveCfg = Debug|Any CPU
		{0CE8D5D6-C131-4ECF-BEFA-DF1B5AEF0FC8}.Debug|Any CPU.Build.0 = Debug|Any CPU
		{0CE8D5D6-C131-4ECF-BEFA-DF1B5AEF0FC8}.Release|Any CPU.ActiveCfg = Release|Any CPU
		{0CE8D5D6-C131-4ECF-BEFA-DF1B5AEF0FC8}.Release|Any CPU.Build.0 = Release|Any CPU
		{BA90E081-C879-4F6D-9F35-57B2EA53D664}.Debug|Any CPU.ActiveCfg = Debug|Any CPU
		{BA90E081-C879-4F6D-9F35-57B2EA53D664}.Debug|Any CPU.Build.0 = Debug|Any CPU
		{BA90E081-C879-4F6D-9F35-57B2EA53D664}.Release|Any CPU.ActiveCfg = Release|Any CPU
		{BA90E081-C879-4F6D-9F35-57B2EA53D664}.Release|Any CPU.Build.0 = Release|Any CPU
		{B24445C9-49A5-4A73-A1EF-9EEDF16311CE}.Debug|Any CPU.ActiveCfg = Debug|Any CPU
		{B24445C9-49A5-4A73-A1EF-9EEDF16311CE}.Debug|Any CPU.Build.0 = Debug|Any CPU
		{B24445C9-49A5-4A73-A1EF-9EEDF16311CE}.Release|Any CPU.ActiveCfg = Release|Any CPU
		{B24445C9-49A5-4A73-A1EF-9EEDF16311CE}.Release|Any CPU.Build.0 = Release|Any CPU
	EndGlobalSection
	GlobalSection(NestedProjects) = preSolution
		{209DFE9E-EC40-4218-A973-38F2F55336E3} = {A4DFE31B-58A0-457B-B30B-0232570BB48E}
		{789F176D-8BB3-4A47-9465-0DA1AE88272C} = {A4DFE31B-58A0-457B-B30B-0232570BB48E}
		{AA7020D8-6394-4CAE-B416-7C2CB3DDF642} = {A4DFE31B-58A0-457B-B30B-0232570BB48E}
		{84D8025D-96F3-4AB3-A64D-E67012A7F864} = {A4DFE31B-58A0-457B-B30B-0232570BB48E}
		{70222F76-58E9-47A9-8460-9DEEE3B9B6DC} = {A4DFE31B-58A0-457B-B30B-0232570BB48E}
		{0CE8D5D6-C131-4ECF-BEFA-DF1B5AEF0FC8} = {EAB0BC96-4E8F-4436-B708-9244B3B60581}
		{BA90E081-C879-4F6D-9F35-57B2EA53D664} = {EAB0BC96-4E8F-4436-B708-9244B3B60581}
		{B24445C9-49A5-4A73-A1EF-9EEDF16311CE} = {F2ACCB16-4639-42CD-A247-4320141845FC}
	EndGlobalSection
EndGlobal
