
Microsoft Visual Studio Solution File, Format Version 12.00
# Visual Studio Version 17
VisualStudioVersion = 17.0.32014.148
MinimumVisualStudioVersion = 10.0.40219.1
Project("{9A19103F-16F7-4668-BE54-9A1E7A4F7556}") = "Modern.Data", "Common\Modern.Data\Modern.Data.csproj", "{05E06343-0902-45FF-8FB9-88D67BC55CE5}"
EndProject
Project("{9A19103F-16F7-4668-BE54-9A1E7A4F7556}") = "Modern.Exceptions", "Common\Modern.Exceptions\Modern.Exceptions.csproj", "{B3D8E629-FA6B-4138-A897-24382989F055}"
EndProject
Project("{2150E333-8FDC-42A3-9474-1A3956D46DE8}") = "Repositories", "Repositories", "{79927B92-F532-469C-9E86-76E84C16584E}"
EndProject
Project("{2150E333-8FDC-42A3-9474-1A3956D46DE8}") = "Services", "Services", "{13870957-6CA2-4621-BB55-D4B9A0F25BDA}"
EndProject
Project("{2150E333-8FDC-42A3-9474-1A3956D46DE8}") = "Common", "Common", "{D72D7F50-D797-4A06-91BF-777D8413C3E3}"
EndProject
Project("{9A19103F-16F7-4668-BE54-9A1E7A4F7556}") = "Modern.Repositories.Abstractions", "Repositories\Modern.Repositories.Abstractions\Modern.Repositories.Abstractions.csproj", "{5A45FDCB-F9D4-44E2-AD16-CF28674CCBCD}"
EndProject
Project("{9A19103F-16F7-4668-BE54-9A1E7A4F7556}") = "Modern.Repositories.EFCore", "Repositories\Modern.Repositories.EFCore\Modern.Repositories.EFCore.csproj", "{7C81700B-F438-418E-906D-0979DAB8AA4C}"
EndProject
Project("{9A19103F-16F7-4668-BE54-9A1E7A4F7556}") = "Modern.Services.DataStore.Abstractions", "Services\Modern.Services.DataStore.Abstractions\Modern.Services.DataStore.Abstractions.csproj", "{D035A8F2-9BBD-4D09-99A6-867D4A086A4B}"
EndProject
Project("{2150E333-8FDC-42A3-9474-1A3956D46DE8}") = "Cache", "Cache", "{0A73C50F-EB6D-4A46-9D14-7A745ADCDC8B}"
EndProject
Project("{9A19103F-16F7-4668-BE54-9A1E7A4F7556}") = "Modern.Cache.Abstractions", "Cache\Modern.Cache.Abstractions\Modern.Cache.Abstractions.csproj", "{F0154CCA-F9CD-4B2E-BBD0-7981D281CD5F}"
EndProject
Project("{9A19103F-16F7-4668-BE54-9A1E7A4F7556}") = "Modern.Cache.InMemory", "Cache\Modern.Cache.InMemory\Modern.Cache.InMemory.csproj", "{E28ADC46-957D-4EEF-A748-3E4A7ECD1D93}"
EndProject
Project("{2150E333-8FDC-42A3-9474-1A3956D46DE8}") = "WebApi", "WebApi", "{88AE7017-A15C-462D-8A0B-8EE426BE4C52}"
EndProject
Project("{9A19103F-16F7-4668-BE54-9A1E7A4F7556}") = "Modern.Application.Host", "Host\Modern.Application.Host\Modern.Application.Host.csproj", "{7F44CB25-5A78-4ADF-A6C5-C865797968F3}"
EndProject
Project("{9A19103F-16F7-4668-BE54-9A1E7A4F7556}") = "Modern.Cache.Redis", "Cache\Modern.Cache.Redis\Modern.Cache.Redis.csproj", "{89BCFE39-9FE2-4EB0-A973-EAFCF22FFFE1}"
EndProject
Project("{9A19103F-16F7-4668-BE54-9A1E7A4F7556}") = "Modern.Services.DataStore", "Services\Modern.Services.DataStore\Modern.Services.DataStore.csproj", "{55E49D7F-4A0A-4173-8A3C-01D293023B37}"
EndProject
Project("{9A19103F-16F7-4668-BE54-9A1E7A4F7556}") = "Modern.Services.DataStore.Cached", "Services\Modern.Services.DataStore.Cached\Modern.Services.DataStore.Cached.csproj", "{3FAB7581-8C87-4305-BBCB-53DA995F97BE}"
EndProject
Project("{9A19103F-16F7-4668-BE54-9A1E7A4F7556}") = "Modern.Services.DataStore.InMemory.Abstractions", "Services\Modern.Services.DataStore.InMemory.Abstractions\Modern.Services.DataStore.InMemory.Abstractions.csproj", "{DB72C951-AB49-47C4-95E7-C1A87F92D1B7}"
EndProject
Project("{9A19103F-16F7-4668-BE54-9A1E7A4F7556}") = "Modern.Services.DataStore.InMemory", "Services\Modern.Services.DataStore.InMemory\Modern.Services.DataStore.InMemory.csproj", "{9B6CC618-7C46-4F49-9B71-8B63E9CA12CF}"
EndProject
Project("{FAE04EC0-301F-11D3-BF4B-00C04F79EFBC}") = "Modern.Controllers.DataStore", "WebApi\Modern.Controllers.DataStore\Modern.Controllers.DataStore.csproj", "{A7D2CAEB-D881-4A74-95CF-89399F6532E0}"
EndProject
Project("{FAE04EC0-301F-11D3-BF4B-00C04F79EFBC}") = "Modern.Controllers.DataStore.OData", "WebApi\Modern.Controllers.DataStore.OData\Modern.Controllers.DataStore.OData.csproj", "{BD539854-3D7C-4547-BFF7-AC97266C56FC}"
EndProject
Project("{FAE04EC0-301F-11D3-BF4B-00C04F79EFBC}") = "Modern.Controllers.DataStore.InMemory", "WebApi\Modern.Controllers.DataStore.InMemory\Modern.Controllers.DataStore.InMemory.csproj", "{184ADC88-C8D4-4908-AC0C-D65A52E32596}"
EndProject
Project("{FAE04EC0-301F-11D3-BF4B-00C04F79EFBC}") = "Modern.Controllers.DataStore.InMemory.OData", "WebApi\Modern.Controllers.DataStore.InMemory.OData\Modern.Controllers.DataStore.InMemory.OData.csproj", "{D71EB2DF-7207-4475-BB10-76EC8ADB8035}"
EndProject
Global
	GlobalSection(SolutionConfigurationPlatforms) = preSolution
		Debug|Any CPU = Debug|Any CPU
		Release|Any CPU = Release|Any CPU
	EndGlobalSection
	GlobalSection(ProjectConfigurationPlatforms) = postSolution
		{05E06343-0902-45FF-8FB9-88D67BC55CE5}.Debug|Any CPU.ActiveCfg = Debug|Any CPU
		{05E06343-0902-45FF-8FB9-88D67BC55CE5}.Debug|Any CPU.Build.0 = Debug|Any CPU
		{05E06343-0902-45FF-8FB9-88D67BC55CE5}.Release|Any CPU.ActiveCfg = Release|Any CPU
		{05E06343-0902-45FF-8FB9-88D67BC55CE5}.Release|Any CPU.Build.0 = Release|Any CPU
		{B3D8E629-FA6B-4138-A897-24382989F055}.Debug|Any CPU.ActiveCfg = Debug|Any CPU
		{B3D8E629-FA6B-4138-A897-24382989F055}.Debug|Any CPU.Build.0 = Debug|Any CPU
		{B3D8E629-FA6B-4138-A897-24382989F055}.Release|Any CPU.ActiveCfg = Release|Any CPU
		{B3D8E629-FA6B-4138-A897-24382989F055}.Release|Any CPU.Build.0 = Release|Any CPU
		{5A45FDCB-F9D4-44E2-AD16-CF28674CCBCD}.Debug|Any CPU.ActiveCfg = Debug|Any CPU
		{5A45FDCB-F9D4-44E2-AD16-CF28674CCBCD}.Debug|Any CPU.Build.0 = Debug|Any CPU
		{5A45FDCB-F9D4-44E2-AD16-CF28674CCBCD}.Release|Any CPU.ActiveCfg = Release|Any CPU
		{5A45FDCB-F9D4-44E2-AD16-CF28674CCBCD}.Release|Any CPU.Build.0 = Release|Any CPU
		{7C81700B-F438-418E-906D-0979DAB8AA4C}.Debug|Any CPU.ActiveCfg = Debug|Any CPU
		{7C81700B-F438-418E-906D-0979DAB8AA4C}.Debug|Any CPU.Build.0 = Debug|Any CPU
		{7C81700B-F438-418E-906D-0979DAB8AA4C}.Release|Any CPU.ActiveCfg = Release|Any CPU
		{7C81700B-F438-418E-906D-0979DAB8AA4C}.Release|Any CPU.Build.0 = Release|Any CPU
		{D035A8F2-9BBD-4D09-99A6-867D4A086A4B}.Debug|Any CPU.ActiveCfg = Debug|Any CPU
		{D035A8F2-9BBD-4D09-99A6-867D4A086A4B}.Debug|Any CPU.Build.0 = Debug|Any CPU
		{D035A8F2-9BBD-4D09-99A6-867D4A086A4B}.Release|Any CPU.ActiveCfg = Release|Any CPU
		{D035A8F2-9BBD-4D09-99A6-867D4A086A4B}.Release|Any CPU.Build.0 = Release|Any CPU
		{F0154CCA-F9CD-4B2E-BBD0-7981D281CD5F}.Debug|Any CPU.ActiveCfg = Debug|Any CPU
		{F0154CCA-F9CD-4B2E-BBD0-7981D281CD5F}.Debug|Any CPU.Build.0 = Debug|Any CPU
		{F0154CCA-F9CD-4B2E-BBD0-7981D281CD5F}.Release|Any CPU.ActiveCfg = Release|Any CPU
		{F0154CCA-F9CD-4B2E-BBD0-7981D281CD5F}.Release|Any CPU.Build.0 = Release|Any CPU
		{E28ADC46-957D-4EEF-A748-3E4A7ECD1D93}.Debug|Any CPU.ActiveCfg = Debug|Any CPU
		{E28ADC46-957D-4EEF-A748-3E4A7ECD1D93}.Debug|Any CPU.Build.0 = Debug|Any CPU
		{E28ADC46-957D-4EEF-A748-3E4A7ECD1D93}.Release|Any CPU.ActiveCfg = Release|Any CPU
		{E28ADC46-957D-4EEF-A748-3E4A7ECD1D93}.Release|Any CPU.Build.0 = Release|Any CPU
		{7F44CB25-5A78-4ADF-A6C5-C865797968F3}.Debug|Any CPU.ActiveCfg = Debug|Any CPU
		{7F44CB25-5A78-4ADF-A6C5-C865797968F3}.Debug|Any CPU.Build.0 = Debug|Any CPU
		{7F44CB25-5A78-4ADF-A6C5-C865797968F3}.Release|Any CPU.ActiveCfg = Release|Any CPU
		{7F44CB25-5A78-4ADF-A6C5-C865797968F3}.Release|Any CPU.Build.0 = Release|Any CPU
		{89BCFE39-9FE2-4EB0-A973-EAFCF22FFFE1}.Debug|Any CPU.ActiveCfg = Debug|Any CPU
		{89BCFE39-9FE2-4EB0-A973-EAFCF22FFFE1}.Debug|Any CPU.Build.0 = Debug|Any CPU
		{89BCFE39-9FE2-4EB0-A973-EAFCF22FFFE1}.Release|Any CPU.ActiveCfg = Release|Any CPU
		{89BCFE39-9FE2-4EB0-A973-EAFCF22FFFE1}.Release|Any CPU.Build.0 = Release|Any CPU
		{55E49D7F-4A0A-4173-8A3C-01D293023B37}.Debug|Any CPU.ActiveCfg = Debug|Any CPU
		{55E49D7F-4A0A-4173-8A3C-01D293023B37}.Debug|Any CPU.Build.0 = Debug|Any CPU
		{55E49D7F-4A0A-4173-8A3C-01D293023B37}.Release|Any CPU.ActiveCfg = Release|Any CPU
		{55E49D7F-4A0A-4173-8A3C-01D293023B37}.Release|Any CPU.Build.0 = Release|Any CPU
		{3FAB7581-8C87-4305-BBCB-53DA995F97BE}.Debug|Any CPU.ActiveCfg = Debug|Any CPU
		{3FAB7581-8C87-4305-BBCB-53DA995F97BE}.Debug|Any CPU.Build.0 = Debug|Any CPU
		{3FAB7581-8C87-4305-BBCB-53DA995F97BE}.Release|Any CPU.ActiveCfg = Release|Any CPU
		{3FAB7581-8C87-4305-BBCB-53DA995F97BE}.Release|Any CPU.Build.0 = Release|Any CPU
		{DB72C951-AB49-47C4-95E7-C1A87F92D1B7}.Debug|Any CPU.ActiveCfg = Debug|Any CPU
		{DB72C951-AB49-47C4-95E7-C1A87F92D1B7}.Debug|Any CPU.Build.0 = Debug|Any CPU
		{DB72C951-AB49-47C4-95E7-C1A87F92D1B7}.Release|Any CPU.ActiveCfg = Release|Any CPU
		{DB72C951-AB49-47C4-95E7-C1A87F92D1B7}.Release|Any CPU.Build.0 = Release|Any CPU
		{9B6CC618-7C46-4F49-9B71-8B63E9CA12CF}.Debug|Any CPU.ActiveCfg = Debug|Any CPU
		{9B6CC618-7C46-4F49-9B71-8B63E9CA12CF}.Debug|Any CPU.Build.0 = Debug|Any CPU
		{9B6CC618-7C46-4F49-9B71-8B63E9CA12CF}.Release|Any CPU.ActiveCfg = Release|Any CPU
		{9B6CC618-7C46-4F49-9B71-8B63E9CA12CF}.Release|Any CPU.Build.0 = Release|Any CPU
		{A7D2CAEB-D881-4A74-95CF-89399F6532E0}.Debug|Any CPU.ActiveCfg = Debug|Any CPU
		{A7D2CAEB-D881-4A74-95CF-89399F6532E0}.Debug|Any CPU.Build.0 = Debug|Any CPU
		{A7D2CAEB-D881-4A74-95CF-89399F6532E0}.Release|Any CPU.ActiveCfg = Release|Any CPU
		{A7D2CAEB-D881-4A74-95CF-89399F6532E0}.Release|Any CPU.Build.0 = Release|Any CPU
		{BD539854-3D7C-4547-BFF7-AC97266C56FC}.Debug|Any CPU.ActiveCfg = Debug|Any CPU
		{BD539854-3D7C-4547-BFF7-AC97266C56FC}.Debug|Any CPU.Build.0 = Debug|Any CPU
		{BD539854-3D7C-4547-BFF7-AC97266C56FC}.Release|Any CPU.ActiveCfg = Release|Any CPU
		{BD539854-3D7C-4547-BFF7-AC97266C56FC}.Release|Any CPU.Build.0 = Release|Any CPU
		{184ADC88-C8D4-4908-AC0C-D65A52E32596}.Debug|Any CPU.ActiveCfg = Debug|Any CPU
		{184ADC88-C8D4-4908-AC0C-D65A52E32596}.Debug|Any CPU.Build.0 = Debug|Any CPU
		{184ADC88-C8D4-4908-AC0C-D65A52E32596}.Release|Any CPU.ActiveCfg = Release|Any CPU
		{184ADC88-C8D4-4908-AC0C-D65A52E32596}.Release|Any CPU.Build.0 = Release|Any CPU
		{D71EB2DF-7207-4475-BB10-76EC8ADB8035}.Debug|Any CPU.ActiveCfg = Debug|Any CPU
		{D71EB2DF-7207-4475-BB10-76EC8ADB8035}.Debug|Any CPU.Build.0 = Debug|Any CPU
		{D71EB2DF-7207-4475-BB10-76EC8ADB8035}.Release|Any CPU.ActiveCfg = Release|Any CPU
		{D71EB2DF-7207-4475-BB10-76EC8ADB8035}.Release|Any CPU.Build.0 = Release|Any CPU
	EndGlobalSection
	GlobalSection(SolutionProperties) = preSolution
		HideSolutionNode = FALSE
	EndGlobalSection
	GlobalSection(NestedProjects) = preSolution
		{05E06343-0902-45FF-8FB9-88D67BC55CE5} = {D72D7F50-D797-4A06-91BF-777D8413C3E3}
		{B3D8E629-FA6B-4138-A897-24382989F055} = {D72D7F50-D797-4A06-91BF-777D8413C3E3}
		{5A45FDCB-F9D4-44E2-AD16-CF28674CCBCD} = {79927B92-F532-469C-9E86-76E84C16584E}
		{7C81700B-F438-418E-906D-0979DAB8AA4C} = {79927B92-F532-469C-9E86-76E84C16584E}
		{D035A8F2-9BBD-4D09-99A6-867D4A086A4B} = {13870957-6CA2-4621-BB55-D4B9A0F25BDA}
		{F0154CCA-F9CD-4B2E-BBD0-7981D281CD5F} = {0A73C50F-EB6D-4A46-9D14-7A745ADCDC8B}
		{E28ADC46-957D-4EEF-A748-3E4A7ECD1D93} = {0A73C50F-EB6D-4A46-9D14-7A745ADCDC8B}
		{89BCFE39-9FE2-4EB0-A973-EAFCF22FFFE1} = {0A73C50F-EB6D-4A46-9D14-7A745ADCDC8B}
		{55E49D7F-4A0A-4173-8A3C-01D293023B37} = {13870957-6CA2-4621-BB55-D4B9A0F25BDA}
		{3FAB7581-8C87-4305-BBCB-53DA995F97BE} = {13870957-6CA2-4621-BB55-D4B9A0F25BDA}
		{DB72C951-AB49-47C4-95E7-C1A87F92D1B7} = {13870957-6CA2-4621-BB55-D4B9A0F25BDA}
		{9B6CC618-7C46-4F49-9B71-8B63E9CA12CF} = {13870957-6CA2-4621-BB55-D4B9A0F25BDA}
		{A7D2CAEB-D881-4A74-95CF-89399F6532E0} = {88AE7017-A15C-462D-8A0B-8EE426BE4C52}
		{BD539854-3D7C-4547-BFF7-AC97266C56FC} = {88AE7017-A15C-462D-8A0B-8EE426BE4C52}
		{184ADC88-C8D4-4908-AC0C-D65A52E32596} = {88AE7017-A15C-462D-8A0B-8EE426BE4C52}
		{D71EB2DF-7207-4475-BB10-76EC8ADB8035} = {88AE7017-A15C-462D-8A0B-8EE426BE4C52}
	EndGlobalSection
	GlobalSection(ExtensibilityGlobals) = postSolution
		SolutionGuid = {94D244EE-259E-401A-A55F-7D833CA4DC5E}
	EndGlobalSection
EndGlobal
