
Microsoft Visual Studio Solution File, Format Version 12.00
# Visual Studio Version 17
VisualStudioVersion = 17.0.32014.148
MinimumVisualStudioVersion = 10.0.40219.1
Project("{9A19103F-16F7-4668-BE54-9A1E7A4F7556}") = "Modern.Data", "Common\Modern.Data\Modern.Data.csproj", "{05E06343-0902-45FF-8FB9-88D67BC55CE5}"
EndProject
Project("{9A19103F-16F7-4668-BE54-9A1E7A4F7556}") = "Modern.Exceptions", "Common\Modern.Exceptions\Modern.Exceptions.csproj", "{B3D8E629-FA6B-4138-A897-24382989F055}"
EndProject
Project("{2150E333-8FDC-42A3-9474-1A3956D46DE8}") = "Repositories", "Repositories", "{79927B92-F532-469C-9E86-76E84C16584E}"
EndProject
Project("{2150E333-8FDC-42A3-9474-1A3956D46DE8}") = "Services", "Services", "{13870957-6CA2-4621-BB55-D4B9A0F25BDA}"
EndProject
Project("{2150E333-8FDC-42A3-9474-1A3956D46DE8}") = "Common", "Common", "{D72D7F50-D797-4A06-91BF-777D8413C3E3}"
EndProject
Project("{9A19103F-16F7-4668-BE54-9A1E7A4F7556}") = "Modern.Repositories.Abstractions", "Repositories\Modern.Repositories.Abstractions\Modern.Repositories.Abstractions.csproj", "{5A45FDCB-F9D4-44E2-AD16-CF28674CCBCD}"
EndProject
Project("{9A19103F-16F7-4668-BE54-9A1E7A4F7556}") = "Modern.Repositories.EFCore", "Repositories\Modern.Repositories.EFCore\Modern.Repositories.EFCore.csproj", "{7C81700B-F438-418E-906D-0979DAB8AA4C}"
EndProject
Project("{9A19103F-16F7-4668-BE54-9A1E7A4F7556}") = "Modern.Services.DataStore.Abstractions", "Services\Modern.Services.DataStore.Abstractions\Modern.Services.DataStore.Abstractions.csproj", "{D035A8F2-9BBD-4D09-99A6-867D4A086A4B}"
EndProject
Project("{2150E333-8FDC-42A3-9474-1A3956D46DE8}") = "Cache", "Cache", "{0A73C50F-EB6D-4A46-9D14-7A745ADCDC8B}"
EndProject
Project("{9A19103F-16F7-4668-BE54-9A1E7A4F7556}") = "Modern.Cache.Abstractions", "Cache\Modern.Cache.Abstractions\Modern.Cache.Abstractions.csproj", "{F0154CCA-F9CD-4B2E-BBD0-7981D281CD5F}"
EndProject
Project("{9A19103F-16F7-4668-BE54-9A1E7A4F7556}") = "Modern.Cache.InMemory", "Cache\Modern.Cache.InMemory\Modern.Cache.InMemory.csproj", "{E28ADC46-957D-4EEF-A748-3E4A7ECD1D93}"
EndProject
Project("{2150E333-8FDC-42A3-9474-1A3956D46DE8}") = "WebApi", "WebApi", "{88AE7017-A15C-462D-8A0B-8EE426BE4C52}"
EndProject
Project("{9A19103F-16F7-4668-BE54-9A1E7A4F7556}") = "Modern.Application.Host", "Host\Modern.Application.Host\Modern.Application.Host.csproj", "{7F44CB25-5A78-4ADF-A6C5-C865797968F3}"
EndProject
Project("{9A19103F-16F7-4668-BE54-9A1E7A4F7556}") = "Modern.Cache.Redis", "Cache\Modern.Cache.Redis\Modern.Cache.Redis.csproj", "{89BCFE39-9FE2-4EB0-A973-EAFCF22FFFE1}"
EndProject
Project("{9A19103F-16F7-4668-BE54-9A1E7A4F7556}") = "Modern.Services.DataStore", "Services\Modern.Services.DataStore\Modern.Services.DataStore.csproj", "{55E49D7F-4A0A-4173-8A3C-01D293023B37}"
EndProject
Project("{9A19103F-16F7-4668-BE54-9A1E7A4F7556}") = "Modern.Services.DataStore.Cached", "Services\Modern.Services.DataStore.Cached\Modern.Services.DataStore.Cached.csproj", "{3FAB7581-8C87-4305-BBCB-53DA995F97BE}"
EndProject
Project("{9A19103F-16F7-4668-BE54-9A1E7A4F7556}") = "Modern.Services.DataStore.InMemory.Abstractions", "Services\Modern.Services.DataStore.InMemory.Abstractions\Modern.Services.DataStore.InMemory.Abstractions.csproj", "{DB72C951-AB49-47C4-95E7-C1A87F92D1B7}"
EndProject
Project("{9A19103F-16F7-4668-BE54-9A1E7A4F7556}") = "Modern.Services.DataStore.InMemory", "Services\Modern.Services.DataStore.InMemory\Modern.Services.DataStore.InMemory.csproj", "{9B6CC618-7C46-4F49-9B71-8B63E9CA12CF}"
EndProject
Project("{9A19103F-16F7-4668-BE54-9A1E7A4F7556}") = "Modern.Controllers.DataStore", "WebApi\Modern.Controllers.DataStore\Modern.Controllers.DataStore.csproj", "{A7D2CAEB-D881-4A74-95CF-89399F6532E0}"
EndProject
Project("{9A19103F-16F7-4668-BE54-9A1E7A4F7556}") = "Modern.Controllers.DataStore.OData", "WebApi\Modern.Controllers.DataStore.OData\Modern.Controllers.DataStore.OData.csproj", "{BD539854-3D7C-4547-BFF7-AC97266C56FC}"
EndProject
Project("{9A19103F-16F7-4668-BE54-9A1E7A4F7556}") = "Modern.Controllers.DataStore.InMemory", "WebApi\Modern.Controllers.DataStore.InMemory\Modern.Controllers.DataStore.InMemory.csproj", "{184ADC88-C8D4-4908-AC0C-D65A52E32596}"
EndProject
Project("{9A19103F-16F7-4668-BE54-9A1E7A4F7556}") = "Modern.Controllers.DataStore.InMemory.OData", "WebApi\Modern.Controllers.DataStore.InMemory.OData\Modern.Controllers.DataStore.InMemory.OData.csproj", "{D71EB2DF-7207-4475-BB10-76EC8ADB8035}"
EndProject
Project("{2150E333-8FDC-42A3-9474-1A3956D46DE8}") = "CQRS", "CQRS", "{0D47AA08-6DE7-4D41-A561-07979E3B6B86}"
EndProject
Project("{9A19103F-16F7-4668-BE54-9A1E7A4F7556}") = "Modern.CQRS.DataStore.Abstractions", "CQRS\Modern.CQRS.DataStore.Abstractions\Modern.CQRS.DataStore.Abstractions.csproj", "{F0DE9544-5E0E-4EDD-BF35-7004FCCD240E}"
EndProject
Project("{9A19103F-16F7-4668-BE54-9A1E7A4F7556}") = "Modern.CQRS.DataStore", "CQRS\Modern.CQRS.DataStore\Modern.CQRS.DataStore.csproj", "{DDE854DE-7C87-4CD2-991A-2CAB2C63C7DF}"
EndProject
Project("{9A19103F-16F7-4668-BE54-9A1E7A4F7556}") = "Modern.CQRS.DataStore.Cached", "CQRS\Modern.CQRS.DataStore.Cached\Modern.CQRS.DataStore.Cached.csproj", "{E0D1D2D1-2C1A-4B3A-A80A-CA0C69C4AE83}"
EndProject
Project("{9A19103F-16F7-4668-BE54-9A1E7A4F7556}") = "Modern.CQRS.DataStore.InMemory", "CQRS\Modern.CQRS.DataStore.InMemory\Modern.CQRS.DataStore.InMemory.csproj", "{D2B12DC6-F6CF-48A3-8723-9DBDBBDDA7EF}"
EndProject
Project("{9A19103F-16F7-4668-BE54-9A1E7A4F7556}") = "Modern.CQRS.DataStore.InMemory.Abstractions", "CQRS\Modern.CQRS.DataStore.InMemory.Abstractions\Modern.CQRS.DataStore.InMemory.Abstractions.csproj", "{39ABF7B4-8AC3-4C94-9E93-FB15A8DEA33B}"
EndProject
Project("{9A19103F-16F7-4668-BE54-9A1E7A4F7556}") = "Modern.Controllers.CQRS.DataStore", "WebApi\Modern.Controllers.CQRS.DataStore\Modern.Controllers.CQRS.DataStore.csproj", "{59845BD1-DA9F-41B7-939B-6A97DFB450DA}"
EndProject
Project("{9A19103F-16F7-4668-BE54-9A1E7A4F7556}") = "Modern.Repositories.Dapper", "Repositories\Modern.Repositories.Dapper\Modern.Repositories.Dapper.csproj", "{C5C6CA4E-494B-4AC5-ABAB-0DF6DE9FF668}"
EndProject
Project("{9A19103F-16F7-4668-BE54-9A1E7A4F7556}") = "Modern.Repositories.MongoDB", "Repositories\Modern.Repositories.MongoDB\Modern.Repositories.MongoDB.csproj", "{CCD58475-A841-4319-B44A-1333A42BD6CA}"
EndProject
Project("{2150E333-8FDC-42A3-9474-1A3956D46DE8}") = "IntegrationTests", "IntegrationTests", "{3E840BA5-F9D7-403F-A6AF-9A0F4011D2E7}"
EndProject
Project("{9A19103F-16F7-4668-BE54-9A1E7A4F7556}") = "Modern.Repositories.EFCore.Tests.Integration", "..\tests\IntegrationTests\Modern.Repositories.EFCore.Tests.Integration\Modern.Repositories.EFCore.Tests.Integration.csproj", "{0A51FDF7-5C3B-43C9-8981-84AB0ACB7582}"
EndProject
Project("{9A19103F-16F7-4668-BE54-9A1E7A4F7556}") = "Modern.Repositories.MongoDB.Tests.Integration", "..\tests\IntegrationTests\Modern.Repositories.MongoDB.Tests.Integration\Modern.Repositories.MongoDB.Tests.Integration.csproj", "{EC9D0DB4-BB26-4916-936F-CF9FFF47C22C}"
EndProject
Project("{9A19103F-16F7-4668-BE54-9A1E7A4F7556}") = "Modern.Repositories.Dapper.Tests.Integration", "..\tests\IntegrationTests\Modern.Repositories.Dapper.Tests.Integration\Modern.Repositories.Dapper.Tests.Integration.csproj", "{4107BDDA-A505-4ED8-BABF-9F84E311F50F}"
EndProject
Project("{2150E333-8FDC-42A3-9474-1A3956D46DE8}") = "Tests", "Tests", "{F5BEDE81-F9B9-4E98-8134-80DF3D267F50}"
EndProject
Project("{2150E333-8FDC-42A3-9474-1A3956D46DE8}") = "UnitTests", "UnitTests", "{8A142BC6-54A0-4FF7-AF50-15D95629DD61}"
EndProject
Project("{9A19103F-16F7-4668-BE54-9A1E7A4F7556}") = "Modern.CQRS.DataStore.Cached.Tests.Unit", "..\tests\UnitTests\Modern.CQRS.DataStore.Cached.Tests.Unit\Modern.CQRS.DataStore.Cached.Tests.Unit.csproj", "{39711DFF-1685-441C-8762-1A025F42CBCC}"
EndProject
Project("{9A19103F-16F7-4668-BE54-9A1E7A4F7556}") = "Modern.CQRS.DataStore.InMemory.Tests.Unit", "..\tests\UnitTests\Modern.CQRS.DataStore.InMemory.Tests.Unit\Modern.CQRS.DataStore.InMemory.Tests.Unit.csproj", "{96F057FD-BCB1-4841-9E04-F7705BFFEB28}"
EndProject
Project("{9A19103F-16F7-4668-BE54-9A1E7A4F7556}") = "Modern.CQRS.DataStore.Tests.Unit", "..\tests\UnitTests\Modern.CQRS.DataStore.Tests.Unit\Modern.CQRS.DataStore.Tests.Unit.csproj", "{5396C5E4-83B9-4D1B-A205-6316CCEF81D9}"
EndProject
Project("{9A19103F-16F7-4668-BE54-9A1E7A4F7556}") = "Modern.Services.DataStore.Cached.Tests.Unit", "..\tests\UnitTests\Modern.Services.DataStore.Cached.Tests.Unit\Modern.Services.DataStore.Cached.Tests.Unit.csproj", "{40D3A873-E4EF-4467-A608-BE62FDF40706}"
EndProject
Project("{9A19103F-16F7-4668-BE54-9A1E7A4F7556}") = "Modern.Services.DataStore.InMemory.Tests.Unit", "..\tests\UnitTests\Modern.Services.DataStore.InMemory.Tests.Unit\Modern.Services.DataStore.InMemory.Tests.Unit.csproj", "{99C7828B-5D54-46B2-91BD-B362BDF30D69}"
EndProject
Project("{9A19103F-16F7-4668-BE54-9A1E7A4F7556}") = "Modern.Services.DataStore.Tests.Unit", "..\tests\UnitTests\Modern.Services.DataStore.Tests.Unit\Modern.Services.DataStore.Tests.Unit.csproj", "{AAF6D85C-FF55-4D60-8CE0-CC7B0F653A20}"
EndProject
Project("{9A19103F-16F7-4668-BE54-9A1E7A4F7556}") = "Modern.Repositories.LiteDB", "Repositories\Modern.Repositories.LiteDB\Modern.Repositories.LiteDB.csproj", "{5380EF0F-CBAC-4859-BA47-1510E55C124A}"
EndProject
Project("{FAE04EC0-301F-11D3-BF4B-00C04F79EFBC}") = "Modern.Repositories.LiteDB.Async", "Repositories\Modern.Repositories.LiteDB.Async\Modern.Repositories.LiteDB.Async.csproj", "{DF8A85D5-83F4-4585-B143-1EB1C62E5F5E}"
EndProject
Project("{2150E333-8FDC-42A3-9474-1A3956D46DE8}") = "SourceGenerators", "SourceGenerators", "{83CF0E26-8D46-4297-BA9D-E784FC1618BA}"
EndProject
Project("{FAE04EC0-301F-11D3-BF4B-00C04F79EFBC}") = "Modern.Controllers.SourceGenerators", "SourceGenerators\Modern.Controllers.SourceGenerators\Modern.Controllers.SourceGenerators.csproj", "{E172DB79-8884-4BC2-A742-63D437C69AD0}"
EndProject
Project("{FAE04EC0-301F-11D3-BF4B-00C04F79EFBC}") = "Modern.Controllers.Attributes", "SourceGenerators\Attributes\Modern.Controllers.Attributes\Modern.Controllers.Attributes.csproj", "{539485BE-237C-491F-BC17-C1015124A5F5}"
EndProject
Project("{FAE04EC0-301F-11D3-BF4B-00C04F79EFBC}") = "Modern.Repositories.EFCore.Attributes", "SourceGenerators\Attributes\Modern.Repositories.EFCore.Attributes\Modern.Repositories.EFCore.Attributes.csproj", "{C67EA468-D15E-4C99-9C3C-176C697DF2D8}"
EndProject
Project("{2150E333-8FDC-42A3-9474-1A3956D46DE8}") = "Attributes", "Attributes", "{6EC41DFE-6FB7-4F88-B035-096DF4DA53ED}"
EndProject
Project("{FAE04EC0-301F-11D3-BF4B-00C04F79EFBC}") = "Modern.Repositories.EFCore.SourceGenerators", "SourceGenerators\Modern.Repositories.EFCore.SourceGenerators\Modern.Repositories.EFCore.SourceGenerators.csproj", "{847B94FD-6A6F-4C69-ACE2-18A00AF3FE2D}"
EndProject
Project("{FAE04EC0-301F-11D3-BF4B-00C04F79EFBC}") = "Modern.Repositories.MongoDB.Attributes", "SourceGenerators\Attributes\Modern.Repositories.MongoDB.Attributes\Modern.Repositories.MongoDB.Attributes.csproj", "{7FEF5922-A7D0-439A-9AA8-0CE6D31D072A}"
EndProject
Project("{FAE04EC0-301F-11D3-BF4B-00C04F79EFBC}") = "Modern.Repositories.Dapper.Attributes", "SourceGenerators\Attributes\Modern.Repositories.Dapper.Attributes\Modern.Repositories.Dapper.Attributes.csproj", "{9228CDBD-C122-4841-88F7-548D5AD52CBA}"
EndProject
Project("{FAE04EC0-301F-11D3-BF4B-00C04F79EFBC}") = "Modern.Repositories.LiteDB.Async.Attributes", "SourceGenerators\Attributes\Modern.Repositories.LiteDB.Async.Attributes\Modern.Repositories.LiteDB.Async.Attributes.csproj", "{17B21AD1-D223-4B00-B2DB-F72D583AB8E9}"
EndProject
Project("{FAE04EC0-301F-11D3-BF4B-00C04F79EFBC}") = "Modern.Repositories.LiteDB.Attributes", "SourceGenerators\Attributes\Modern.Repositories.LiteDB.Attributes\Modern.Repositories.LiteDB.Attributes.csproj", "{7E9B4F52-972F-4819-8DFB-F558682B1BF2}"
EndProject
Project("{FAE04EC0-301F-11D3-BF4B-00C04F79EFBC}") = "Modern.Repositories.MongoDB.SourceGenerators", "SourceGenerators\Modern.Repositories.MongoDB.SourceGenerators\Modern.Repositories.MongoDB.SourceGenerators.csproj", "{4ADE2681-4749-4114-8D15-027DD5FFC485}"
EndProject
Project("{FAE04EC0-301F-11D3-BF4B-00C04F79EFBC}") = "Modern.Repositories.Dapper.SourceGenerators", "SourceGenerators\Modern.Repositories.Dapper.SourceGenerators\Modern.Repositories.Dapper.SourceGenerators.csproj", "{1F5A8CC1-ABE6-4F72-A7CC-13A19278CD6C}"
EndProject
Project("{FAE04EC0-301F-11D3-BF4B-00C04F79EFBC}") = "Modern.Repositories.LiteDB.Async.SourceGenerators", "SourceGenerators\Modern.Repositories.LiteDB.Async.SourceGenerators\Modern.Repositories.LiteDB.Async.SourceGenerators.csproj", "{5FA3C9A3-9859-4A15-BA11-B3B0DBCB5209}"
EndProject
Project("{FAE04EC0-301F-11D3-BF4B-00C04F79EFBC}") = "Modern.Repositories.LiteDB.SourceGenerators", "SourceGenerators\Modern.Repositories.LiteDB.SourceGenerators\Modern.Repositories.LiteDB.SourceGenerators.csproj", "{8213E526-CFBF-49AE-9EF0-614F36D847D2}"
EndProject
Project("{FAE04EC0-301F-11D3-BF4B-00C04F79EFBC}") = "Modern.Services.DataStore.Attributes", "SourceGenerators\Attributes\Modern.Services.DataStore.Attributes\Modern.Services.DataStore.Attributes.csproj", "{DB3D9BAB-2203-4EEB-8D86-13AD07131C38}"
EndProject
Project("{FAE04EC0-301F-11D3-BF4B-00C04F79EFBC}") = "Modern.Services.DataStore.Cached.Attributes", "SourceGenerators\Attributes\Modern.Services.DataStore.Cached.Attributes\Modern.Services.DataStore.Cached.Attributes.csproj", "{F18F2FAD-61F9-4FBB-9A57-ECEBA26EC117}"
EndProject
Project("{FAE04EC0-301F-11D3-BF4B-00C04F79EFBC}") = "Modern.Services.DataStore.InMemory.Attributes", "SourceGenerators\Attributes\Modern.Services.DataStore.InMemory.Attributes\Modern.Services.DataStore.InMemory.Attributes.csproj", "{0724DA14-09A7-4EEB-8175-910838306ECB}"
EndProject
Project("{FAE04EC0-301F-11D3-BF4B-00C04F79EFBC}") = "Modern.Services.DataStore.SourceGenerators", "SourceGenerators\Modern.Services.DataStore.SourceGenerators\Modern.Services.DataStore.SourceGenerators.csproj", "{B934BA89-11C1-4F0B-92EB-410C552B66B9}"
EndProject
Project("{FAE04EC0-301F-11D3-BF4B-00C04F79EFBC}") = "Modern.Services.DataStore.Cached.SourceGenerators", "SourceGenerators\Modern.Services.DataStore.Cached.SourceGenerators\Modern.Services.DataStore.Cached.SourceGenerators.csproj", "{E6FDCD4A-4068-4866-91CA-FA210F25F9E0}"
EndProject
Project("{FAE04EC0-301F-11D3-BF4B-00C04F79EFBC}") = "Modern.Services.DataStore.InMemory.SourceGenerators", "SourceGenerators\Modern.Services.DataStore.InMemory.SourceGenerators\Modern.Services.DataStore.InMemory.SourceGenerators.csproj", "{A93804E7-21A3-489D-8ED9-6BE7E06448A4}"
EndProject
Project("{FAE04EC0-301F-11D3-BF4B-00C04F79EFBC}") = "Modern.Controllers.InMemory.Attributes", "SourceGenerators\Attributes\Modern.Controllers.InMemory.Attributes\Modern.Controllers.InMemory.Attributes.csproj", "{F141AC14-7E63-4129-8C5C-71FF3E33AEC9}"
EndProject
Project("{FAE04EC0-301F-11D3-BF4B-00C04F79EFBC}") = "Modern.Controllers.InMemory.SourceGenerators", "SourceGenerators\Modern.Controllers.InMemory.SourceGenerators\Modern.Controllers.InMemory.SourceGenerators.csproj", "{C66536B0-4135-4C28-AE7D-E7D9912365D2}"
EndProject
Project("{FAE04EC0-301F-11D3-BF4B-00C04F79EFBC}") = "Modern.Extensions.Microsoft.DependencyInjection", "Common\Modern.Extensions.Microsoft.DependencyInjection\Modern.Extensions.Microsoft.DependencyInjection.csproj", "{6DD0FE65-B991-48C7-8046-DE1DDA672801}"
EndProject
Global
	GlobalSection(SolutionConfigurationPlatforms) = preSolution
		Debug|Any CPU = Debug|Any CPU
		Release|Any CPU = Release|Any CPU
	EndGlobalSection
	GlobalSection(ProjectConfigurationPlatforms) = postSolution
		{05E06343-0902-45FF-8FB9-88D67BC55CE5}.Debug|Any CPU.ActiveCfg = Debug|Any CPU
		{05E06343-0902-45FF-8FB9-88D67BC55CE5}.Debug|Any CPU.Build.0 = Debug|Any CPU
		{05E06343-0902-45FF-8FB9-88D67BC55CE5}.Release|Any CPU.ActiveCfg = Release|Any CPU
		{05E06343-0902-45FF-8FB9-88D67BC55CE5}.Release|Any CPU.Build.0 = Release|Any CPU
		{B3D8E629-FA6B-4138-A897-24382989F055}.Debug|Any CPU.ActiveCfg = Debug|Any CPU
		{B3D8E629-FA6B-4138-A897-24382989F055}.Debug|Any CPU.Build.0 = Debug|Any CPU
		{B3D8E629-FA6B-4138-A897-24382989F055}.Release|Any CPU.ActiveCfg = Release|Any CPU
		{B3D8E629-FA6B-4138-A897-24382989F055}.Release|Any CPU.Build.0 = Release|Any CPU
		{5A45FDCB-F9D4-44E2-AD16-CF28674CCBCD}.Debug|Any CPU.ActiveCfg = Debug|Any CPU
		{5A45FDCB-F9D4-44E2-AD16-CF28674CCBCD}.Debug|Any CPU.Build.0 = Debug|Any CPU
		{5A45FDCB-F9D4-44E2-AD16-CF28674CCBCD}.Release|Any CPU.ActiveCfg = Release|Any CPU
		{5A45FDCB-F9D4-44E2-AD16-CF28674CCBCD}.Release|Any CPU.Build.0 = Release|Any CPU
		{7C81700B-F438-418E-906D-0979DAB8AA4C}.Debug|Any CPU.ActiveCfg = Debug|Any CPU
		{7C81700B-F438-418E-906D-0979DAB8AA4C}.Debug|Any CPU.Build.0 = Debug|Any CPU
		{7C81700B-F438-418E-906D-0979DAB8AA4C}.Release|Any CPU.ActiveCfg = Release|Any CPU
		{7C81700B-F438-418E-906D-0979DAB8AA4C}.Release|Any CPU.Build.0 = Release|Any CPU
		{D035A8F2-9BBD-4D09-99A6-867D4A086A4B}.Debug|Any CPU.ActiveCfg = Debug|Any CPU
		{D035A8F2-9BBD-4D09-99A6-867D4A086A4B}.Debug|Any CPU.Build.0 = Debug|Any CPU
		{D035A8F2-9BBD-4D09-99A6-867D4A086A4B}.Release|Any CPU.ActiveCfg = Release|Any CPU
		{D035A8F2-9BBD-4D09-99A6-867D4A086A4B}.Release|Any CPU.Build.0 = Release|Any CPU
		{F0154CCA-F9CD-4B2E-BBD0-7981D281CD5F}.Debug|Any CPU.ActiveCfg = Debug|Any CPU
		{F0154CCA-F9CD-4B2E-BBD0-7981D281CD5F}.Debug|Any CPU.Build.0 = Debug|Any CPU
		{F0154CCA-F9CD-4B2E-BBD0-7981D281CD5F}.Release|Any CPU.ActiveCfg = Release|Any CPU
		{F0154CCA-F9CD-4B2E-BBD0-7981D281CD5F}.Release|Any CPU.Build.0 = Release|Any CPU
		{E28ADC46-957D-4EEF-A748-3E4A7ECD1D93}.Debug|Any CPU.ActiveCfg = Debug|Any CPU
		{E28ADC46-957D-4EEF-A748-3E4A7ECD1D93}.Debug|Any CPU.Build.0 = Debug|Any CPU
		{E28ADC46-957D-4EEF-A748-3E4A7ECD1D93}.Release|Any CPU.ActiveCfg = Release|Any CPU
		{E28ADC46-957D-4EEF-A748-3E4A7ECD1D93}.Release|Any CPU.Build.0 = Release|Any CPU
		{7F44CB25-5A78-4ADF-A6C5-C865797968F3}.Debug|Any CPU.ActiveCfg = Debug|Any CPU
		{7F44CB25-5A78-4ADF-A6C5-C865797968F3}.Debug|Any CPU.Build.0 = Debug|Any CPU
		{7F44CB25-5A78-4ADF-A6C5-C865797968F3}.Release|Any CPU.ActiveCfg = Release|Any CPU
		{7F44CB25-5A78-4ADF-A6C5-C865797968F3}.Release|Any CPU.Build.0 = Release|Any CPU
		{89BCFE39-9FE2-4EB0-A973-EAFCF22FFFE1}.Debug|Any CPU.ActiveCfg = Debug|Any CPU
		{89BCFE39-9FE2-4EB0-A973-EAFCF22FFFE1}.Debug|Any CPU.Build.0 = Debug|Any CPU
		{89BCFE39-9FE2-4EB0-A973-EAFCF22FFFE1}.Release|Any CPU.ActiveCfg = Release|Any CPU
		{89BCFE39-9FE2-4EB0-A973-EAFCF22FFFE1}.Release|Any CPU.Build.0 = Release|Any CPU
		{55E49D7F-4A0A-4173-8A3C-01D293023B37}.Debug|Any CPU.ActiveCfg = Debug|Any CPU
		{55E49D7F-4A0A-4173-8A3C-01D293023B37}.Debug|Any CPU.Build.0 = Debug|Any CPU
		{55E49D7F-4A0A-4173-8A3C-01D293023B37}.Release|Any CPU.ActiveCfg = Release|Any CPU
		{55E49D7F-4A0A-4173-8A3C-01D293023B37}.Release|Any CPU.Build.0 = Release|Any CPU
		{3FAB7581-8C87-4305-BBCB-53DA995F97BE}.Debug|Any CPU.ActiveCfg = Debug|Any CPU
		{3FAB7581-8C87-4305-BBCB-53DA995F97BE}.Debug|Any CPU.Build.0 = Debug|Any CPU
		{3FAB7581-8C87-4305-BBCB-53DA995F97BE}.Release|Any CPU.ActiveCfg = Release|Any CPU
		{3FAB7581-8C87-4305-BBCB-53DA995F97BE}.Release|Any CPU.Build.0 = Release|Any CPU
		{DB72C951-AB49-47C4-95E7-C1A87F92D1B7}.Debug|Any CPU.ActiveCfg = Debug|Any CPU
		{DB72C951-AB49-47C4-95E7-C1A87F92D1B7}.Debug|Any CPU.Build.0 = Debug|Any CPU
		{DB72C951-AB49-47C4-95E7-C1A87F92D1B7}.Release|Any CPU.ActiveCfg = Release|Any CPU
		{DB72C951-AB49-47C4-95E7-C1A87F92D1B7}.Release|Any CPU.Build.0 = Release|Any CPU
		{9B6CC618-7C46-4F49-9B71-8B63E9CA12CF}.Debug|Any CPU.ActiveCfg = Debug|Any CPU
		{9B6CC618-7C46-4F49-9B71-8B63E9CA12CF}.Debug|Any CPU.Build.0 = Debug|Any CPU
		{9B6CC618-7C46-4F49-9B71-8B63E9CA12CF}.Release|Any CPU.ActiveCfg = Release|Any CPU
		{9B6CC618-7C46-4F49-9B71-8B63E9CA12CF}.Release|Any CPU.Build.0 = Release|Any CPU
		{A7D2CAEB-D881-4A74-95CF-89399F6532E0}.Debug|Any CPU.ActiveCfg = Debug|Any CPU
		{A7D2CAEB-D881-4A74-95CF-89399F6532E0}.Debug|Any CPU.Build.0 = Debug|Any CPU
		{A7D2CAEB-D881-4A74-95CF-89399F6532E0}.Release|Any CPU.ActiveCfg = Release|Any CPU
		{A7D2CAEB-D881-4A74-95CF-89399F6532E0}.Release|Any CPU.Build.0 = Release|Any CPU
		{BD539854-3D7C-4547-BFF7-AC97266C56FC}.Debug|Any CPU.ActiveCfg = Debug|Any CPU
		{BD539854-3D7C-4547-BFF7-AC97266C56FC}.Debug|Any CPU.Build.0 = Debug|Any CPU
		{BD539854-3D7C-4547-BFF7-AC97266C56FC}.Release|Any CPU.ActiveCfg = Release|Any CPU
		{BD539854-3D7C-4547-BFF7-AC97266C56FC}.Release|Any CPU.Build.0 = Release|Any CPU
		{184ADC88-C8D4-4908-AC0C-D65A52E32596}.Debug|Any CPU.ActiveCfg = Debug|Any CPU
		{184ADC88-C8D4-4908-AC0C-D65A52E32596}.Debug|Any CPU.Build.0 = Debug|Any CPU
		{184ADC88-C8D4-4908-AC0C-D65A52E32596}.Release|Any CPU.ActiveCfg = Release|Any CPU
		{184ADC88-C8D4-4908-AC0C-D65A52E32596}.Release|Any CPU.Build.0 = Release|Any CPU
		{D71EB2DF-7207-4475-BB10-76EC8ADB8035}.Debug|Any CPU.ActiveCfg = Debug|Any CPU
		{D71EB2DF-7207-4475-BB10-76EC8ADB8035}.Debug|Any CPU.Build.0 = Debug|Any CPU
		{D71EB2DF-7207-4475-BB10-76EC8ADB8035}.Release|Any CPU.ActiveCfg = Release|Any CPU
		{D71EB2DF-7207-4475-BB10-76EC8ADB8035}.Release|Any CPU.Build.0 = Release|Any CPU
		{F0DE9544-5E0E-4EDD-BF35-7004FCCD240E}.Debug|Any CPU.ActiveCfg = Debug|Any CPU
		{F0DE9544-5E0E-4EDD-BF35-7004FCCD240E}.Debug|Any CPU.Build.0 = Debug|Any CPU
		{F0DE9544-5E0E-4EDD-BF35-7004FCCD240E}.Release|Any CPU.ActiveCfg = Release|Any CPU
		{F0DE9544-5E0E-4EDD-BF35-7004FCCD240E}.Release|Any CPU.Build.0 = Release|Any CPU
		{DDE854DE-7C87-4CD2-991A-2CAB2C63C7DF}.Debug|Any CPU.ActiveCfg = Debug|Any CPU
		{DDE854DE-7C87-4CD2-991A-2CAB2C63C7DF}.Debug|Any CPU.Build.0 = Debug|Any CPU
		{DDE854DE-7C87-4CD2-991A-2CAB2C63C7DF}.Release|Any CPU.ActiveCfg = Release|Any CPU
		{DDE854DE-7C87-4CD2-991A-2CAB2C63C7DF}.Release|Any CPU.Build.0 = Release|Any CPU
		{E0D1D2D1-2C1A-4B3A-A80A-CA0C69C4AE83}.Debug|Any CPU.ActiveCfg = Debug|Any CPU
		{E0D1D2D1-2C1A-4B3A-A80A-CA0C69C4AE83}.Debug|Any CPU.Build.0 = Debug|Any CPU
		{E0D1D2D1-2C1A-4B3A-A80A-CA0C69C4AE83}.Release|Any CPU.ActiveCfg = Release|Any CPU
		{E0D1D2D1-2C1A-4B3A-A80A-CA0C69C4AE83}.Release|Any CPU.Build.0 = Release|Any CPU
		{D2B12DC6-F6CF-48A3-8723-9DBDBBDDA7EF}.Debug|Any CPU.ActiveCfg = Debug|Any CPU
		{D2B12DC6-F6CF-48A3-8723-9DBDBBDDA7EF}.Debug|Any CPU.Build.0 = Debug|Any CPU
		{D2B12DC6-F6CF-48A3-8723-9DBDBBDDA7EF}.Release|Any CPU.ActiveCfg = Release|Any CPU
		{D2B12DC6-F6CF-48A3-8723-9DBDBBDDA7EF}.Release|Any CPU.Build.0 = Release|Any CPU
		{39ABF7B4-8AC3-4C94-9E93-FB15A8DEA33B}.Debug|Any CPU.ActiveCfg = Debug|Any CPU
		{39ABF7B4-8AC3-4C94-9E93-FB15A8DEA33B}.Debug|Any CPU.Build.0 = Debug|Any CPU
		{39ABF7B4-8AC3-4C94-9E93-FB15A8DEA33B}.Release|Any CPU.ActiveCfg = Release|Any CPU
		{39ABF7B4-8AC3-4C94-9E93-FB15A8DEA33B}.Release|Any CPU.Build.0 = Release|Any CPU
		{59845BD1-DA9F-41B7-939B-6A97DFB450DA}.Debug|Any CPU.ActiveCfg = Debug|Any CPU
		{59845BD1-DA9F-41B7-939B-6A97DFB450DA}.Debug|Any CPU.Build.0 = Debug|Any CPU
		{59845BD1-DA9F-41B7-939B-6A97DFB450DA}.Release|Any CPU.ActiveCfg = Release|Any CPU
		{59845BD1-DA9F-41B7-939B-6A97DFB450DA}.Release|Any CPU.Build.0 = Release|Any CPU
		{C5C6CA4E-494B-4AC5-ABAB-0DF6DE9FF668}.Debug|Any CPU.ActiveCfg = Debug|Any CPU
		{C5C6CA4E-494B-4AC5-ABAB-0DF6DE9FF668}.Debug|Any CPU.Build.0 = Debug|Any CPU
		{C5C6CA4E-494B-4AC5-ABAB-0DF6DE9FF668}.Release|Any CPU.ActiveCfg = Release|Any CPU
		{C5C6CA4E-494B-4AC5-ABAB-0DF6DE9FF668}.Release|Any CPU.Build.0 = Release|Any CPU
		{CCD58475-A841-4319-B44A-1333A42BD6CA}.Debug|Any CPU.ActiveCfg = Debug|Any CPU
		{CCD58475-A841-4319-B44A-1333A42BD6CA}.Debug|Any CPU.Build.0 = Debug|Any CPU
		{CCD58475-A841-4319-B44A-1333A42BD6CA}.Release|Any CPU.ActiveCfg = Release|Any CPU
		{CCD58475-A841-4319-B44A-1333A42BD6CA}.Release|Any CPU.Build.0 = Release|Any CPU
		{0A51FDF7-5C3B-43C9-8981-84AB0ACB7582}.Debug|Any CPU.ActiveCfg = Debug|Any CPU
		{0A51FDF7-5C3B-43C9-8981-84AB0ACB7582}.Debug|Any CPU.Build.0 = Debug|Any CPU
		{0A51FDF7-5C3B-43C9-8981-84AB0ACB7582}.Release|Any CPU.ActiveCfg = Release|Any CPU
		{0A51FDF7-5C3B-43C9-8981-84AB0ACB7582}.Release|Any CPU.Build.0 = Release|Any CPU
		{EC9D0DB4-BB26-4916-936F-CF9FFF47C22C}.Debug|Any CPU.ActiveCfg = Debug|Any CPU
		{EC9D0DB4-BB26-4916-936F-CF9FFF47C22C}.Debug|Any CPU.Build.0 = Debug|Any CPU
		{EC9D0DB4-BB26-4916-936F-CF9FFF47C22C}.Release|Any CPU.ActiveCfg = Release|Any CPU
		{EC9D0DB4-BB26-4916-936F-CF9FFF47C22C}.Release|Any CPU.Build.0 = Release|Any CPU
		{4107BDDA-A505-4ED8-BABF-9F84E311F50F}.Debug|Any CPU.ActiveCfg = Debug|Any CPU
		{4107BDDA-A505-4ED8-BABF-9F84E311F50F}.Debug|Any CPU.Build.0 = Debug|Any CPU
		{4107BDDA-A505-4ED8-BABF-9F84E311F50F}.Release|Any CPU.ActiveCfg = Release|Any CPU
		{4107BDDA-A505-4ED8-BABF-9F84E311F50F}.Release|Any CPU.Build.0 = Release|Any CPU
		{39711DFF-1685-441C-8762-1A025F42CBCC}.Debug|Any CPU.ActiveCfg = Debug|Any CPU
		{39711DFF-1685-441C-8762-1A025F42CBCC}.Debug|Any CPU.Build.0 = Debug|Any CPU
		{39711DFF-1685-441C-8762-1A025F42CBCC}.Release|Any CPU.ActiveCfg = Release|Any CPU
		{39711DFF-1685-441C-8762-1A025F42CBCC}.Release|Any CPU.Build.0 = Release|Any CPU
		{96F057FD-BCB1-4841-9E04-F7705BFFEB28}.Debug|Any CPU.ActiveCfg = Debug|Any CPU
		{96F057FD-BCB1-4841-9E04-F7705BFFEB28}.Debug|Any CPU.Build.0 = Debug|Any CPU
		{96F057FD-BCB1-4841-9E04-F7705BFFEB28}.Release|Any CPU.ActiveCfg = Release|Any CPU
		{96F057FD-BCB1-4841-9E04-F7705BFFEB28}.Release|Any CPU.Build.0 = Release|Any CPU
		{5396C5E4-83B9-4D1B-A205-6316CCEF81D9}.Debug|Any CPU.ActiveCfg = Debug|Any CPU
		{5396C5E4-83B9-4D1B-A205-6316CCEF81D9}.Debug|Any CPU.Build.0 = Debug|Any CPU
		{5396C5E4-83B9-4D1B-A205-6316CCEF81D9}.Release|Any CPU.ActiveCfg = Release|Any CPU
		{5396C5E4-83B9-4D1B-A205-6316CCEF81D9}.Release|Any CPU.Build.0 = Release|Any CPU
		{40D3A873-E4EF-4467-A608-BE62FDF40706}.Debug|Any CPU.ActiveCfg = Debug|Any CPU
		{40D3A873-E4EF-4467-A608-BE62FDF40706}.Debug|Any CPU.Build.0 = Debug|Any CPU
		{40D3A873-E4EF-4467-A608-BE62FDF40706}.Release|Any CPU.ActiveCfg = Release|Any CPU
		{40D3A873-E4EF-4467-A608-BE62FDF40706}.Release|Any CPU.Build.0 = Release|Any CPU
		{99C7828B-5D54-46B2-91BD-B362BDF30D69}.Debug|Any CPU.ActiveCfg = Debug|Any CPU
		{99C7828B-5D54-46B2-91BD-B362BDF30D69}.Debug|Any CPU.Build.0 = Debug|Any CPU
		{99C7828B-5D54-46B2-91BD-B362BDF30D69}.Release|Any CPU.ActiveCfg = Release|Any CPU
		{99C7828B-5D54-46B2-91BD-B362BDF30D69}.Release|Any CPU.Build.0 = Release|Any CPU
		{AAF6D85C-FF55-4D60-8CE0-CC7B0F653A20}.Debug|Any CPU.ActiveCfg = Debug|Any CPU
		{AAF6D85C-FF55-4D60-8CE0-CC7B0F653A20}.Debug|Any CPU.Build.0 = Debug|Any CPU
		{AAF6D85C-FF55-4D60-8CE0-CC7B0F653A20}.Release|Any CPU.ActiveCfg = Release|Any CPU
		{AAF6D85C-FF55-4D60-8CE0-CC7B0F653A20}.Release|Any CPU.Build.0 = Release|Any CPU
		{5380EF0F-CBAC-4859-BA47-1510E55C124A}.Debug|Any CPU.ActiveCfg = Debug|Any CPU
		{5380EF0F-CBAC-4859-BA47-1510E55C124A}.Debug|Any CPU.Build.0 = Debug|Any CPU
		{5380EF0F-CBAC-4859-BA47-1510E55C124A}.Release|Any CPU.ActiveCfg = Release|Any CPU
		{5380EF0F-CBAC-4859-BA47-1510E55C124A}.Release|Any CPU.Build.0 = Release|Any CPU
		{DF8A85D5-83F4-4585-B143-1EB1C62E5F5E}.Debug|Any CPU.ActiveCfg = Debug|Any CPU
		{DF8A85D5-83F4-4585-B143-1EB1C62E5F5E}.Debug|Any CPU.Build.0 = Debug|Any CPU
		{DF8A85D5-83F4-4585-B143-1EB1C62E5F5E}.Release|Any CPU.ActiveCfg = Release|Any CPU
		{DF8A85D5-83F4-4585-B143-1EB1C62E5F5E}.Release|Any CPU.Build.0 = Release|Any CPU
		{E172DB79-8884-4BC2-A742-63D437C69AD0}.Debug|Any CPU.ActiveCfg = Debug|Any CPU
		{E172DB79-8884-4BC2-A742-63D437C69AD0}.Debug|Any CPU.Build.0 = Debug|Any CPU
		{E172DB79-8884-4BC2-A742-63D437C69AD0}.Release|Any CPU.ActiveCfg = Release|Any CPU
		{E172DB79-8884-4BC2-A742-63D437C69AD0}.Release|Any CPU.Build.0 = Release|Any CPU
		{539485BE-237C-491F-BC17-C1015124A5F5}.Debug|Any CPU.ActiveCfg = Debug|Any CPU
		{539485BE-237C-491F-BC17-C1015124A5F5}.Debug|Any CPU.Build.0 = Debug|Any CPU
		{539485BE-237C-491F-BC17-C1015124A5F5}.Release|Any CPU.ActiveCfg = Release|Any CPU
		{539485BE-237C-491F-BC17-C1015124A5F5}.Release|Any CPU.Build.0 = Release|Any CPU
		{C67EA468-D15E-4C99-9C3C-176C697DF2D8}.Debug|Any CPU.ActiveCfg = Debug|Any CPU
		{C67EA468-D15E-4C99-9C3C-176C697DF2D8}.Debug|Any CPU.Build.0 = Debug|Any CPU
		{C67EA468-D15E-4C99-9C3C-176C697DF2D8}.Release|Any CPU.ActiveCfg = Release|Any CPU
		{C67EA468-D15E-4C99-9C3C-176C697DF2D8}.Release|Any CPU.Build.0 = Release|Any CPU
		{847B94FD-6A6F-4C69-ACE2-18A00AF3FE2D}.Debug|Any CPU.ActiveCfg = Debug|Any CPU
		{847B94FD-6A6F-4C69-ACE2-18A00AF3FE2D}.Debug|Any CPU.Build.0 = Debug|Any CPU
		{847B94FD-6A6F-4C69-ACE2-18A00AF3FE2D}.Release|Any CPU.ActiveCfg = Release|Any CPU
		{847B94FD-6A6F-4C69-ACE2-18A00AF3FE2D}.Release|Any CPU.Build.0 = Release|Any CPU
		{7FEF5922-A7D0-439A-9AA8-0CE6D31D072A}.Debug|Any CPU.ActiveCfg = Debug|Any CPU
		{7FEF5922-A7D0-439A-9AA8-0CE6D31D072A}.Debug|Any CPU.Build.0 = Debug|Any CPU
		{7FEF5922-A7D0-439A-9AA8-0CE6D31D072A}.Release|Any CPU.ActiveCfg = Release|Any CPU
		{7FEF5922-A7D0-439A-9AA8-0CE6D31D072A}.Release|Any CPU.Build.0 = Release|Any CPU
		{9228CDBD-C122-4841-88F7-548D5AD52CBA}.Debug|Any CPU.ActiveCfg = Debug|Any CPU
		{9228CDBD-C122-4841-88F7-548D5AD52CBA}.Debug|Any CPU.Build.0 = Debug|Any CPU
		{9228CDBD-C122-4841-88F7-548D5AD52CBA}.Release|Any CPU.ActiveCfg = Release|Any CPU
		{9228CDBD-C122-4841-88F7-548D5AD52CBA}.Release|Any CPU.Build.0 = Release|Any CPU
		{17B21AD1-D223-4B00-B2DB-F72D583AB8E9}.Debug|Any CPU.ActiveCfg = Debug|Any CPU
		{17B21AD1-D223-4B00-B2DB-F72D583AB8E9}.Debug|Any CPU.Build.0 = Debug|Any CPU
		{17B21AD1-D223-4B00-B2DB-F72D583AB8E9}.Release|Any CPU.ActiveCfg = Release|Any CPU
		{17B21AD1-D223-4B00-B2DB-F72D583AB8E9}.Release|Any CPU.Build.0 = Release|Any CPU
		{7E9B4F52-972F-4819-8DFB-F558682B1BF2}.Debug|Any CPU.ActiveCfg = Debug|Any CPU
		{7E9B4F52-972F-4819-8DFB-F558682B1BF2}.Debug|Any CPU.Build.0 = Debug|Any CPU
		{7E9B4F52-972F-4819-8DFB-F558682B1BF2}.Release|Any CPU.ActiveCfg = Release|Any CPU
		{7E9B4F52-972F-4819-8DFB-F558682B1BF2}.Release|Any CPU.Build.0 = Release|Any CPU
		{4ADE2681-4749-4114-8D15-027DD5FFC485}.Debug|Any CPU.ActiveCfg = Debug|Any CPU
		{4ADE2681-4749-4114-8D15-027DD5FFC485}.Debug|Any CPU.Build.0 = Debug|Any CPU
		{4ADE2681-4749-4114-8D15-027DD5FFC485}.Release|Any CPU.ActiveCfg = Release|Any CPU
		{4ADE2681-4749-4114-8D15-027DD5FFC485}.Release|Any CPU.Build.0 = Release|Any CPU
		{1F5A8CC1-ABE6-4F72-A7CC-13A19278CD6C}.Debug|Any CPU.ActiveCfg = Debug|Any CPU
		{1F5A8CC1-ABE6-4F72-A7CC-13A19278CD6C}.Debug|Any CPU.Build.0 = Debug|Any CPU
		{1F5A8CC1-ABE6-4F72-A7CC-13A19278CD6C}.Release|Any CPU.ActiveCfg = Release|Any CPU
		{1F5A8CC1-ABE6-4F72-A7CC-13A19278CD6C}.Release|Any CPU.Build.0 = Release|Any CPU
		{5FA3C9A3-9859-4A15-BA11-B3B0DBCB5209}.Debug|Any CPU.ActiveCfg = Debug|Any CPU
		{5FA3C9A3-9859-4A15-BA11-B3B0DBCB5209}.Debug|Any CPU.Build.0 = Debug|Any CPU
		{5FA3C9A3-9859-4A15-BA11-B3B0DBCB5209}.Release|Any CPU.ActiveCfg = Release|Any CPU
		{5FA3C9A3-9859-4A15-BA11-B3B0DBCB5209}.Release|Any CPU.Build.0 = Release|Any CPU
		{8213E526-CFBF-49AE-9EF0-614F36D847D2}.Debug|Any CPU.ActiveCfg = Debug|Any CPU
		{8213E526-CFBF-49AE-9EF0-614F36D847D2}.Debug|Any CPU.Build.0 = Debug|Any CPU
		{8213E526-CFBF-49AE-9EF0-614F36D847D2}.Release|Any CPU.ActiveCfg = Release|Any CPU
		{8213E526-CFBF-49AE-9EF0-614F36D847D2}.Release|Any CPU.Build.0 = Release|Any CPU
		{DB3D9BAB-2203-4EEB-8D86-13AD07131C38}.Debug|Any CPU.ActiveCfg = Debug|Any CPU
		{DB3D9BAB-2203-4EEB-8D86-13AD07131C38}.Debug|Any CPU.Build.0 = Debug|Any CPU
		{DB3D9BAB-2203-4EEB-8D86-13AD07131C38}.Release|Any CPU.ActiveCfg = Release|Any CPU
		{DB3D9BAB-2203-4EEB-8D86-13AD07131C38}.Release|Any CPU.Build.0 = Release|Any CPU
		{F18F2FAD-61F9-4FBB-9A57-ECEBA26EC117}.Debug|Any CPU.ActiveCfg = Debug|Any CPU
		{F18F2FAD-61F9-4FBB-9A57-ECEBA26EC117}.Debug|Any CPU.Build.0 = Debug|Any CPU
		{F18F2FAD-61F9-4FBB-9A57-ECEBA26EC117}.Release|Any CPU.ActiveCfg = Release|Any CPU
		{F18F2FAD-61F9-4FBB-9A57-ECEBA26EC117}.Release|Any CPU.Build.0 = Release|Any CPU
		{0724DA14-09A7-4EEB-8175-910838306ECB}.Debug|Any CPU.ActiveCfg = Debug|Any CPU
		{0724DA14-09A7-4EEB-8175-910838306ECB}.Debug|Any CPU.Build.0 = Debug|Any CPU
		{0724DA14-09A7-4EEB-8175-910838306ECB}.Release|Any CPU.ActiveCfg = Release|Any CPU
		{0724DA14-09A7-4EEB-8175-910838306ECB}.Release|Any CPU.Build.0 = Release|Any CPU
		{B934BA89-11C1-4F0B-92EB-410C552B66B9}.Debug|Any CPU.ActiveCfg = Debug|Any CPU
		{B934BA89-11C1-4F0B-92EB-410C552B66B9}.Debug|Any CPU.Build.0 = Debug|Any CPU
		{B934BA89-11C1-4F0B-92EB-410C552B66B9}.Release|Any CPU.ActiveCfg = Release|Any CPU
		{B934BA89-11C1-4F0B-92EB-410C552B66B9}.Release|Any CPU.Build.0 = Release|Any CPU
		{E6FDCD4A-4068-4866-91CA-FA210F25F9E0}.Debug|Any CPU.ActiveCfg = Debug|Any CPU
		{E6FDCD4A-4068-4866-91CA-FA210F25F9E0}.Debug|Any CPU.Build.0 = Debug|Any CPU
		{E6FDCD4A-4068-4866-91CA-FA210F25F9E0}.Release|Any CPU.ActiveCfg = Release|Any CPU
		{E6FDCD4A-4068-4866-91CA-FA210F25F9E0}.Release|Any CPU.Build.0 = Release|Any CPU
		{A93804E7-21A3-489D-8ED9-6BE7E06448A4}.Debug|Any CPU.ActiveCfg = Debug|Any CPU
		{A93804E7-21A3-489D-8ED9-6BE7E06448A4}.Debug|Any CPU.Build.0 = Debug|Any CPU
		{A93804E7-21A3-489D-8ED9-6BE7E06448A4}.Release|Any CPU.ActiveCfg = Release|Any CPU
		{A93804E7-21A3-489D-8ED9-6BE7E06448A4}.Release|Any CPU.Build.0 = Release|Any CPU
		{F141AC14-7E63-4129-8C5C-71FF3E33AEC9}.Debug|Any CPU.ActiveCfg = Debug|Any CPU
		{F141AC14-7E63-4129-8C5C-71FF3E33AEC9}.Debug|Any CPU.Build.0 = Debug|Any CPU
		{F141AC14-7E63-4129-8C5C-71FF3E33AEC9}.Release|Any CPU.ActiveCfg = Release|Any CPU
		{F141AC14-7E63-4129-8C5C-71FF3E33AEC9}.Release|Any CPU.Build.0 = Release|Any CPU
		{C66536B0-4135-4C28-AE7D-E7D9912365D2}.Debug|Any CPU.ActiveCfg = Debug|Any CPU
		{C66536B0-4135-4C28-AE7D-E7D9912365D2}.Debug|Any CPU.Build.0 = Debug|Any CPU
		{C66536B0-4135-4C28-AE7D-E7D9912365D2}.Release|Any CPU.ActiveCfg = Release|Any CPU
		{C66536B0-4135-4C28-AE7D-E7D9912365D2}.Release|Any CPU.Build.0 = Release|Any CPU
		{6DD0FE65-B991-48C7-8046-DE1DDA672801}.Debug|Any CPU.ActiveCfg = Debug|Any CPU
		{6DD0FE65-B991-48C7-8046-DE1DDA672801}.Debug|Any CPU.Build.0 = Debug|Any CPU
		{6DD0FE65-B991-48C7-8046-DE1DDA672801}.Release|Any CPU.ActiveCfg = Release|Any CPU
		{6DD0FE65-B991-48C7-8046-DE1DDA672801}.Release|Any CPU.Build.0 = Release|Any CPU
	EndGlobalSection
	GlobalSection(SolutionProperties) = preSolution
		HideSolutionNode = FALSE
	EndGlobalSection
	GlobalSection(NestedProjects) = preSolution
		{05E06343-0902-45FF-8FB9-88D67BC55CE5} = {D72D7F50-D797-4A06-91BF-777D8413C3E3}
		{B3D8E629-FA6B-4138-A897-24382989F055} = {D72D7F50-D797-4A06-91BF-777D8413C3E3}
		{5A45FDCB-F9D4-44E2-AD16-CF28674CCBCD} = {79927B92-F532-469C-9E86-76E84C16584E}
		{7C81700B-F438-418E-906D-0979DAB8AA4C} = {79927B92-F532-469C-9E86-76E84C16584E}
		{D035A8F2-9BBD-4D09-99A6-867D4A086A4B} = {13870957-6CA2-4621-BB55-D4B9A0F25BDA}
		{F0154CCA-F9CD-4B2E-BBD0-7981D281CD5F} = {0A73C50F-EB6D-4A46-9D14-7A745ADCDC8B}
		{E28ADC46-957D-4EEF-A748-3E4A7ECD1D93} = {0A73C50F-EB6D-4A46-9D14-7A745ADCDC8B}
		{89BCFE39-9FE2-4EB0-A973-EAFCF22FFFE1} = {0A73C50F-EB6D-4A46-9D14-7A745ADCDC8B}
		{55E49D7F-4A0A-4173-8A3C-01D293023B37} = {13870957-6CA2-4621-BB55-D4B9A0F25BDA}
		{3FAB7581-8C87-4305-BBCB-53DA995F97BE} = {13870957-6CA2-4621-BB55-D4B9A0F25BDA}
		{DB72C951-AB49-47C4-95E7-C1A87F92D1B7} = {13870957-6CA2-4621-BB55-D4B9A0F25BDA}
		{9B6CC618-7C46-4F49-9B71-8B63E9CA12CF} = {13870957-6CA2-4621-BB55-D4B9A0F25BDA}
		{A7D2CAEB-D881-4A74-95CF-89399F6532E0} = {88AE7017-A15C-462D-8A0B-8EE426BE4C52}
		{BD539854-3D7C-4547-BFF7-AC97266C56FC} = {88AE7017-A15C-462D-8A0B-8EE426BE4C52}
		{184ADC88-C8D4-4908-AC0C-D65A52E32596} = {88AE7017-A15C-462D-8A0B-8EE426BE4C52}
		{D71EB2DF-7207-4475-BB10-76EC8ADB8035} = {88AE7017-A15C-462D-8A0B-8EE426BE4C52}
		{F0DE9544-5E0E-4EDD-BF35-7004FCCD240E} = {0D47AA08-6DE7-4D41-A561-07979E3B6B86}
		{DDE854DE-7C87-4CD2-991A-2CAB2C63C7DF} = {0D47AA08-6DE7-4D41-A561-07979E3B6B86}
		{E0D1D2D1-2C1A-4B3A-A80A-CA0C69C4AE83} = {0D47AA08-6DE7-4D41-A561-07979E3B6B86}
		{D2B12DC6-F6CF-48A3-8723-9DBDBBDDA7EF} = {0D47AA08-6DE7-4D41-A561-07979E3B6B86}
		{39ABF7B4-8AC3-4C94-9E93-FB15A8DEA33B} = {0D47AA08-6DE7-4D41-A561-07979E3B6B86}
		{59845BD1-DA9F-41B7-939B-6A97DFB450DA} = {88AE7017-A15C-462D-8A0B-8EE426BE4C52}
		{C5C6CA4E-494B-4AC5-ABAB-0DF6DE9FF668} = {79927B92-F532-469C-9E86-76E84C16584E}
		{CCD58475-A841-4319-B44A-1333A42BD6CA} = {79927B92-F532-469C-9E86-76E84C16584E}
		{3E840BA5-F9D7-403F-A6AF-9A0F4011D2E7} = {F5BEDE81-F9B9-4E98-8134-80DF3D267F50}
		{0A51FDF7-5C3B-43C9-8981-84AB0ACB7582} = {3E840BA5-F9D7-403F-A6AF-9A0F4011D2E7}
		{EC9D0DB4-BB26-4916-936F-CF9FFF47C22C} = {3E840BA5-F9D7-403F-A6AF-9A0F4011D2E7}
		{4107BDDA-A505-4ED8-BABF-9F84E311F50F} = {3E840BA5-F9D7-403F-A6AF-9A0F4011D2E7}
		{8A142BC6-54A0-4FF7-AF50-15D95629DD61} = {F5BEDE81-F9B9-4E98-8134-80DF3D267F50}
		{39711DFF-1685-441C-8762-1A025F42CBCC} = {8A142BC6-54A0-4FF7-AF50-15D95629DD61}
		{96F057FD-BCB1-4841-9E04-F7705BFFEB28} = {8A142BC6-54A0-4FF7-AF50-15D95629DD61}
		{5396C5E4-83B9-4D1B-A205-6316CCEF81D9} = {8A142BC6-54A0-4FF7-AF50-15D95629DD61}
		{40D3A873-E4EF-4467-A608-BE62FDF40706} = {8A142BC6-54A0-4FF7-AF50-15D95629DD61}
		{99C7828B-5D54-46B2-91BD-B362BDF30D69} = {8A142BC6-54A0-4FF7-AF50-15D95629DD61}
		{AAF6D85C-FF55-4D60-8CE0-CC7B0F653A20} = {8A142BC6-54A0-4FF7-AF50-15D95629DD61}
		{5380EF0F-CBAC-4859-BA47-1510E55C124A} = {79927B92-F532-469C-9E86-76E84C16584E}
		{DF8A85D5-83F4-4585-B143-1EB1C62E5F5E} = {79927B92-F532-469C-9E86-76E84C16584E}
		{E172DB79-8884-4BC2-A742-63D437C69AD0} = {83CF0E26-8D46-4297-BA9D-E784FC1618BA}
		{6EC41DFE-6FB7-4F88-B035-096DF4DA53ED} = {83CF0E26-8D46-4297-BA9D-E784FC1618BA}
		{539485BE-237C-491F-BC17-C1015124A5F5} = {6EC41DFE-6FB7-4F88-B035-096DF4DA53ED}
		{C67EA468-D15E-4C99-9C3C-176C697DF2D8} = {6EC41DFE-6FB7-4F88-B035-096DF4DA53ED}
		{847B94FD-6A6F-4C69-ACE2-18A00AF3FE2D} = {83CF0E26-8D46-4297-BA9D-E784FC1618BA}
		{7FEF5922-A7D0-439A-9AA8-0CE6D31D072A} = {6EC41DFE-6FB7-4F88-B035-096DF4DA53ED}
		{9228CDBD-C122-4841-88F7-548D5AD52CBA} = {6EC41DFE-6FB7-4F88-B035-096DF4DA53ED}
		{17B21AD1-D223-4B00-B2DB-F72D583AB8E9} = {6EC41DFE-6FB7-4F88-B035-096DF4DA53ED}
		{7E9B4F52-972F-4819-8DFB-F558682B1BF2} = {6EC41DFE-6FB7-4F88-B035-096DF4DA53ED}
		{4ADE2681-4749-4114-8D15-027DD5FFC485} = {83CF0E26-8D46-4297-BA9D-E784FC1618BA}
		{1F5A8CC1-ABE6-4F72-A7CC-13A19278CD6C} = {83CF0E26-8D46-4297-BA9D-E784FC1618BA}
		{5FA3C9A3-9859-4A15-BA11-B3B0DBCB5209} = {83CF0E26-8D46-4297-BA9D-E784FC1618BA}
		{8213E526-CFBF-49AE-9EF0-614F36D847D2} = {83CF0E26-8D46-4297-BA9D-E784FC1618BA}
		{DB3D9BAB-2203-4EEB-8D86-13AD07131C38} = {6EC41DFE-6FB7-4F88-B035-096DF4DA53ED}
		{F18F2FAD-61F9-4FBB-9A57-ECEBA26EC117} = {6EC41DFE-6FB7-4F88-B035-096DF4DA53ED}
		{0724DA14-09A7-4EEB-8175-910838306ECB} = {6EC41DFE-6FB7-4F88-B035-096DF4DA53ED}
		{B934BA89-11C1-4F0B-92EB-410C552B66B9} = {83CF0E26-8D46-4297-BA9D-E784FC1618BA}
		{E6FDCD4A-4068-4866-91CA-FA210F25F9E0} = {83CF0E26-8D46-4297-BA9D-E784FC1618BA}
		{A93804E7-21A3-489D-8ED9-6BE7E06448A4} = {83CF0E26-8D46-4297-BA9D-E784FC1618BA}
		{F141AC14-7E63-4129-8C5C-71FF3E33AEC9} = {6EC41DFE-6FB7-4F88-B035-096DF4DA53ED}
		{C66536B0-4135-4C28-AE7D-E7D9912365D2} = {83CF0E26-8D46-4297-BA9D-E784FC1618BA}
		{6DD0FE65-B991-48C7-8046-DE1DDA672801} = {D72D7F50-D797-4A06-91BF-777D8413C3E3}
	EndGlobalSection
	GlobalSection(ExtensibilityGlobals) = postSolution
		SolutionGuid = {94D244EE-259E-401A-A55F-7D833CA4DC5E}
	EndGlobalSection
EndGlobal
